// !$*UTF8*$!
{
	archiveVersion = 1;
	classes = {
	};
	objectVersion = 46;
	objects = {

/* Begin PBXBuildFile section */
		5DC425336B16F3F056E50562 /* Pods_Readit.framework in Frameworks */ = {isa = PBXBuildFile; fileRef = AA43621039501E0FDBD42AF8 /* Pods_Readit.framework */; };
		84218E281F12742D000FF09B /* XKeyBoard.m in Sources */ = {isa = PBXBuildFile; fileRef = 84218E271F12742D000FF09B /* XKeyBoard.m */; };
		84218E321F12A2D5000FF09B /* Login.storyboard in Resources */ = {isa = PBXBuildFile; fileRef = 84218E2F1F12A2D5000FF09B /* Login.storyboard */; };
		84218E331F12A2D5000FF09B /* LoginController.swift in Sources */ = {isa = PBXBuildFile; fileRef = 84218E301F12A2D5000FF09B /* LoginController.swift */; };
		84218E341F12A2D5000FF09B /* RegisterController.swift in Sources */ = {isa = PBXBuildFile; fileRef = 84218E311F12A2D5000FF09B /* RegisterController.swift */; };
		84218E361F131A2E000FF09B /* BookReview.swift in Sources */ = {isa = PBXBuildFile; fileRef = 84218E351F131A2E000FF09B /* BookReview.swift */; };
		84218E381F13D792000FF09B /* ReviewCell.swift in Sources */ = {isa = PBXBuildFile; fileRef = 84218E371F13D792000FF09B /* ReviewCell.swift */; };
		846AF8BE1F10DBAD00800464 /* ReviewAdditionController.swift in Sources */ = {isa = PBXBuildFile; fileRef = 846AF8BD1F10DBAD00800464 /* ReviewAdditionController.swift */; };
		846AF8C31F10E48700800464 /* GeneralFactory.swift in Sources */ = {isa = PBXBuildFile; fileRef = 846AF8C21F10E48700800464 /* GeneralFactory.swift */; };
		846AF8C61F10E9DA00800464 /* UIViewController+Extension.swift in Sources */ = {isa = PBXBuildFile; fileRef = 846AF8C51F10E9DA00800464 /* UIViewController+Extension.swift */; };
		846AF8CA1F10F31000800464 /* ReviewAdditionHeaderView.swift in Sources */ = {isa = PBXBuildFile; fileRef = 846AF8C91F10F31000800464 /* ReviewAdditionHeaderView.swift */; };
		846AF8DD1F10F51E00800464 /* red_point.png in Resources */ = {isa = PBXBuildFile; fileRef = 846AF8D01F10F51E00800464 /* red_point.png */; };
		846AF8DE1F10F51E00800464 /* blank.png in Resources */ = {isa = PBXBuildFile; fileRef = 846AF8D11F10F51E00800464 /* blank.png */; };
		846AF8DF1F10F51E00800464 /* ear1.png in Resources */ = {isa = PBXBuildFile; fileRef = 846AF8D21F10F51E00800464 /* ear1.png */; };
		846AF8E01F10F51E00800464 /* ear2.png in Resources */ = {isa = PBXBuildFile; fileRef = 846AF8D31F10F51E00800464 /* ear2.png */; };
		846AF8E11F10F51E00800464 /* Avatar.png in Resources */ = {isa = PBXBuildFile; fileRef = 846AF8D41F10F51E00800464 /* Avatar.png */; };
		846AF8E21F10F51E00800464 /* logn.png in Resources */ = {isa = PBXBuildFile; fileRef = 846AF8D51F10F51E00800464 /* logn.png */; };
		846AF8E31F10F51E00800464 /* Icon2.png in Resources */ = {isa = PBXBuildFile; fileRef = 846AF8D61F10F51E00800464 /* Icon2.png */; };
		846AF8E41F10F51E00800464 /* Blank2.png in Resources */ = {isa = PBXBuildFile; fileRef = 846AF8D71F10F51E00800464 /* Blank2.png */; };
		846AF8E51F10F51E00800464 /* Cover.png in Resources */ = {isa = PBXBuildFile; fileRef = 846AF8D81F10F51E00800464 /* Cover.png */; };
		846AF8E61F10F51E00800464 /* page4.png in Resources */ = {isa = PBXBuildFile; fileRef = 846AF8D91F10F51E00800464 /* page4.png */; };
		846AF8E71F10F51E00800464 /* page1.png in Resources */ = {isa = PBXBuildFile; fileRef = 846AF8DA1F10F51E00800464 /* page1.png */; };
		846AF8E81F10F51E00800464 /* page3.png in Resources */ = {isa = PBXBuildFile; fileRef = 846AF8DB1F10F51E00800464 /* page3.png */; };
		846AF8E91F10F51E00800464 /* page2.png in Resources */ = {isa = PBXBuildFile; fileRef = 846AF8DC1F10F51E00800464 /* page2.png */; };
		846AF8F11F11230200800464 /* PhotoPickerController.swift in Sources */ = {isa = PBXBuildFile; fileRef = 846AF8F01F11230200800464 /* PhotoPickerController.swift */; };
		846AF8F81F11503000800464 /* VPImageCropperViewController.m in Sources */ = {isa = PBXBuildFile; fileRef = 846AF8F61F11503000800464 /* VPImageCropperViewController.m */; };
		846AF8FA1F11CCDB00800464 /* PushTitleController.swift in Sources */ = {isa = PBXBuildFile; fileRef = 846AF8F91F11CCDB00800464 /* PushTitleController.swift */; };
		846AF8FE1F11CD0100800464 /* PushCategoryController.swift in Sources */ = {isa = PBXBuildFile; fileRef = 846AF8FD1F11CD0100800464 /* PushCategoryController.swift */; };
		846AF9001F11CD1100800464 /* PushContentController.swift in Sources */ = {isa = PBXBuildFile; fileRef = 846AF8FF1F11CD1100800464 /* PushContentController.swift */; };
		846AF9041F11D9BE00800464 /* LDXScore.m in Sources */ = {isa = PBXBuildFile; fileRef = 846AF9021F11D9BE00800464 /* LDXScore.m */; };
		846AF9061F11FFCC00800464 /* UIColor+Extension.swift in Sources */ = {isa = PBXBuildFile; fileRef = 846AF9051F11FFCC00800464 /* UIColor+Extension.swift */; };
		846AF91B1F1208C200800464 /* AKSegmentedControl.m in Sources */ = {isa = PBXBuildFile; fileRef = 846AF9081F1208C200800464 /* AKSegmentedControl.m */; };
		846AF91C1F1208C200800464 /* segmented-separator.png in Resources */ = {isa = PBXBuildFile; fileRef = 846AF90A1F1208C200800464 /* segmented-separator.png */; };
		846AF91D1F1208C200800464 /* segmented-bg-pressed-center.png in Resources */ = {isa = PBXBuildFile; fileRef = 846AF90B1F1208C200800464 /* segmented-bg-pressed-center.png */; };
		846AF91E1F1208C200800464 /* star-icon@2x.png in Resources */ = {isa = PBXBuildFile; fileRef = 846AF90C1F1208C200800464 /* star-icon@2x.png */; };
		846AF91F1F1208C200800464 /* segmented-bg-pressed-center@2x.png in Resources */ = {isa = PBXBuildFile; fileRef = 846AF90D1F1208C200800464 /* segmented-bg-pressed-center@2x.png */; };
		846AF9201F1208C200800464 /* segmented-bg-pressed-right.png in Resources */ = {isa = PBXBuildFile; fileRef = 846AF90E1F1208C200800464 /* segmented-bg-pressed-right.png */; };
		846AF9211F1208C200800464 /* social-icon.png in Resources */ = {isa = PBXBuildFile; fileRef = 846AF90F1F1208C200800464 /* social-icon.png */; };
		846AF9221F1208C200800464 /* segmented-bg@2x.png in Resources */ = {isa = PBXBuildFile; fileRef = 846AF9101F1208C200800464 /* segmented-bg@2x.png */; };
		846AF9231F1208C200800464 /* segmented-bg-pressed-left@2x.png in Resources */ = {isa = PBXBuildFile; fileRef = 846AF9111F1208C200800464 /* segmented-bg-pressed-left@2x.png */; };
		846AF9241F1208C200800464 /* star-icon.png in Resources */ = {isa = PBXBuildFile; fileRef = 846AF9121F1208C200800464 /* star-icon.png */; };
		846AF9251F1208C200800464 /* settings-icon.png in Resources */ = {isa = PBXBuildFile; fileRef = 846AF9131F1208C200800464 /* settings-icon.png */; };
		846AF9261F1208C200800464 /* segmented-bg-pressed-left.png in Resources */ = {isa = PBXBuildFile; fileRef = 846AF9141F1208C200800464 /* segmented-bg-pressed-left.png */; };
		846AF9271F1208C200800464 /* segmented-bg.png in Resources */ = {isa = PBXBuildFile; fileRef = 846AF9151F1208C200800464 /* segmented-bg.png */; };
		846AF9281F1208C200800464 /* settings-icon@2x.png in Resources */ = {isa = PBXBuildFile; fileRef = 846AF9161F1208C200800464 /* settings-icon@2x.png */; };
		846AF9291F1208C200800464 /* segmented-bg-pressed-right@2x.png in Resources */ = {isa = PBXBuildFile; fileRef = 846AF9171F1208C200800464 /* segmented-bg-pressed-right@2x.png */; };
		846AF92A1F1208C200800464 /* segmented-separator@2x.png in Resources */ = {isa = PBXBuildFile; fileRef = 846AF9181F1208C200800464 /* segmented-separator@2x.png */; };
		846AF92B1F1208C200800464 /* social-icon@2x.png in Resources */ = {isa = PBXBuildFile; fileRef = 846AF9191F1208C200800464 /* social-icon@2x.png */; };
		846AF9311F12167C00800464 /* IGLDropDownMenu.m in Sources */ = {isa = PBXBuildFile; fileRef = 846AF92D1F12167C00800464 /* IGLDropDownMenu.m */; };
		846AF9321F12167C00800464 /* IGLDropDownItem.m in Sources */ = {isa = PBXBuildFile; fileRef = 846AF9301F12167C00800464 /* IGLDropDownItem.m */; };
		8476E3451F10C8000098700C /* Constant.swift in Sources */ = {isa = PBXBuildFile; fileRef = 8476E3441F10C8000098700C /* Constant.swift */; };
		8476E35B1F10C9880098700C /* CircleController.swift in Sources */ = {isa = PBXBuildFile; fileRef = 8476E35A1F10C9880098700C /* CircleController.swift */; };
		8476E35D1F10C9960098700C /* MoreController.swift in Sources */ = {isa = PBXBuildFile; fileRef = 8476E35C1F10C9960098700C /* MoreController.swift */; };
		8476E35F1F10C99F0098700C /* PushController.swift in Sources */ = {isa = PBXBuildFile; fileRef = 8476E35E1F10C99F0098700C /* PushController.swift */; };
		8476E3611F10C9AC0098700C /* RankController.swift in Sources */ = {isa = PBXBuildFile; fileRef = 8476E3601F10C9AC0098700C /* RankController.swift */; };
		8476E3631F10C9B90098700C /* SearchController.swift in Sources */ = {isa = PBXBuildFile; fileRef = 8476E3621F10C9B90098700C /* SearchController.swift */; };
		8485C8C11F10C61100553143 /* AppDelegate.swift in Sources */ = {isa = PBXBuildFile; fileRef = 8485C8C01F10C61100553143 /* AppDelegate.swift */; };
		8485C8C81F10C61100553143 /* Assets.xcassets in Resources */ = {isa = PBXBuildFile; fileRef = 8485C8C71F10C61100553143 /* Assets.xcassets */; };
		8485C8CB1F10C61100553143 /* LaunchScreen.storyboard in Resources */ = {isa = PBXBuildFile; fileRef = 8485C8C91F10C61100553143 /* LaunchScreen.storyboard */; };
/* End PBXBuildFile section */

/* Begin PBXFileReference section */
		4F32C1FF20B608DFF325FAE0 /* Pods-Readit.release.xcconfig */ = {isa = PBXFileReference; includeInIndex = 1; lastKnownFileType = text.xcconfig; name = "Pods-Readit.release.xcconfig"; path = "Pods/Target Support Files/Pods-Readit/Pods-Readit.release.xcconfig"; sourceTree = "<group>"; };
		84218E261F12742D000FF09B /* XKeyBoard.h */ = {isa = PBXFileReference; fileEncoding = 4; lastKnownFileType = sourcecode.c.h; path = XKeyBoard.h; sourceTree = "<group>"; };
		84218E271F12742D000FF09B /* XKeyBoard.m */ = {isa = PBXFileReference; fileEncoding = 4; lastKnownFileType = sourcecode.c.objc; path = XKeyBoard.m; sourceTree = "<group>"; };
		84218E2F1F12A2D5000FF09B /* Login.storyboard */ = {isa = PBXFileReference; fileEncoding = 4; lastKnownFileType = file.storyboard; path = Login.storyboard; sourceTree = "<group>"; };
		84218E301F12A2D5000FF09B /* LoginController.swift */ = {isa = PBXFileReference; fileEncoding = 4; lastKnownFileType = sourcecode.swift; path = LoginController.swift; sourceTree = "<group>"; };
		84218E311F12A2D5000FF09B /* RegisterController.swift */ = {isa = PBXFileReference; fileEncoding = 4; lastKnownFileType = sourcecode.swift; path = RegisterController.swift; sourceTree = "<group>"; };
		84218E351F131A2E000FF09B /* BookReview.swift */ = {isa = PBXFileReference; fileEncoding = 4; lastKnownFileType = sourcecode.swift; path = BookReview.swift; sourceTree = "<group>"; };
		84218E371F13D792000FF09B /* ReviewCell.swift */ = {isa = PBXFileReference; fileEncoding = 4; lastKnownFileType = sourcecode.swift; path = ReviewCell.swift; sourceTree = "<group>"; };
		846AF8BD1F10DBAD00800464 /* ReviewAdditionController.swift */ = {isa = PBXFileReference; fileEncoding = 4; lastKnownFileType = sourcecode.swift; path = ReviewAdditionController.swift; sourceTree = "<group>"; };
		846AF8C21F10E48700800464 /* GeneralFactory.swift */ = {isa = PBXFileReference; fileEncoding = 4; lastKnownFileType = sourcecode.swift; path = GeneralFactory.swift; sourceTree = "<group>"; };
		846AF8C51F10E9DA00800464 /* UIViewController+Extension.swift */ = {isa = PBXFileReference; fileEncoding = 4; lastKnownFileType = sourcecode.swift; path = "UIViewController+Extension.swift"; sourceTree = "<group>"; };
		846AF8C91F10F31000800464 /* ReviewAdditionHeaderView.swift */ = {isa = PBXFileReference; fileEncoding = 4; lastKnownFileType = sourcecode.swift; path = ReviewAdditionHeaderView.swift; sourceTree = "<group>"; };
		846AF8D01F10F51E00800464 /* red_point.png */ = {isa = PBXFileReference; lastKnownFileType = image.png; path = red_point.png; sourceTree = "<group>"; };
		846AF8D11F10F51E00800464 /* blank.png */ = {isa = PBXFileReference; lastKnownFileType = image.png; path = blank.png; sourceTree = "<group>"; };
		846AF8D21F10F51E00800464 /* ear1.png */ = {isa = PBXFileReference; lastKnownFileType = image.png; path = ear1.png; sourceTree = "<group>"; };
		846AF8D31F10F51E00800464 /* ear2.png */ = {isa = PBXFileReference; lastKnownFileType = image.png; path = ear2.png; sourceTree = "<group>"; };
		846AF8D41F10F51E00800464 /* Avatar.png */ = {isa = PBXFileReference; lastKnownFileType = image.png; path = Avatar.png; sourceTree = "<group>"; };
		846AF8D51F10F51E00800464 /* logn.png */ = {isa = PBXFileReference; lastKnownFileType = image.png; path = logn.png; sourceTree = "<group>"; };
		846AF8D61F10F51E00800464 /* Icon2.png */ = {isa = PBXFileReference; lastKnownFileType = image.png; path = Icon2.png; sourceTree = "<group>"; };
		846AF8D71F10F51E00800464 /* Blank2.png */ = {isa = PBXFileReference; lastKnownFileType = image.png; path = Blank2.png; sourceTree = "<group>"; };
		846AF8D81F10F51E00800464 /* Cover.png */ = {isa = PBXFileReference; lastKnownFileType = image.png; path = Cover.png; sourceTree = "<group>"; };
		846AF8D91F10F51E00800464 /* page4.png */ = {isa = PBXFileReference; lastKnownFileType = image.png; path = page4.png; sourceTree = "<group>"; };
		846AF8DA1F10F51E00800464 /* page1.png */ = {isa = PBXFileReference; lastKnownFileType = image.png; path = page1.png; sourceTree = "<group>"; };
		846AF8DB1F10F51E00800464 /* page3.png */ = {isa = PBXFileReference; lastKnownFileType = image.png; path = page3.png; sourceTree = "<group>"; };
		846AF8DC1F10F51E00800464 /* page2.png */ = {isa = PBXFileReference; lastKnownFileType = image.png; path = page2.png; sourceTree = "<group>"; };
		846AF8F01F11230200800464 /* PhotoPickerController.swift */ = {isa = PBXFileReference; fileEncoding = 4; lastKnownFileType = sourcecode.swift; path = PhotoPickerController.swift; sourceTree = "<group>"; };
		846AF8F21F11500D00800464 /* Readit-Bridging-Header.h */ = {isa = PBXFileReference; lastKnownFileType = sourcecode.c.h; path = "Readit-Bridging-Header.h"; sourceTree = "<group>"; };
		846AF8F61F11503000800464 /* VPImageCropperViewController.m */ = {isa = PBXFileReference; fileEncoding = 4; lastKnownFileType = sourcecode.c.objc; path = VPImageCropperViewController.m; sourceTree = "<group>"; };
		846AF8F71F11503000800464 /* VPImageCropperViewController.h */ = {isa = PBXFileReference; fileEncoding = 4; lastKnownFileType = sourcecode.c.h; path = VPImageCropperViewController.h; sourceTree = "<group>"; };
		846AF8F91F11CCDB00800464 /* PushTitleController.swift */ = {isa = PBXFileReference; fileEncoding = 4; lastKnownFileType = sourcecode.swift; path = PushTitleController.swift; sourceTree = "<group>"; };
		846AF8FD1F11CD0100800464 /* PushCategoryController.swift */ = {isa = PBXFileReference; fileEncoding = 4; lastKnownFileType = sourcecode.swift; path = PushCategoryController.swift; sourceTree = "<group>"; };
		846AF8FF1F11CD1100800464 /* PushContentController.swift */ = {isa = PBXFileReference; fileEncoding = 4; lastKnownFileType = sourcecode.swift; path = PushContentController.swift; sourceTree = "<group>"; };
		846AF9021F11D9BE00800464 /* LDXScore.m */ = {isa = PBXFileReference; fileEncoding = 4; lastKnownFileType = sourcecode.c.objc; path = LDXScore.m; sourceTree = "<group>"; };
		846AF9031F11D9BE00800464 /* LDXScore.h */ = {isa = PBXFileReference; fileEncoding = 4; lastKnownFileType = sourcecode.c.h; path = LDXScore.h; sourceTree = "<group>"; };
		846AF9051F11FFCC00800464 /* UIColor+Extension.swift */ = {isa = PBXFileReference; fileEncoding = 4; lastKnownFileType = sourcecode.swift; path = "UIColor+Extension.swift"; sourceTree = "<group>"; };
		846AF9081F1208C200800464 /* AKSegmentedControl.m */ = {isa = PBXFileReference; fileEncoding = 4; lastKnownFileType = sourcecode.c.objc; path = AKSegmentedControl.m; sourceTree = "<group>"; };
		846AF90A1F1208C200800464 /* segmented-separator.png */ = {isa = PBXFileReference; lastKnownFileType = image.png; path = "segmented-separator.png"; sourceTree = "<group>"; };
		846AF90B1F1208C200800464 /* segmented-bg-pressed-center.png */ = {isa = PBXFileReference; lastKnownFileType = image.png; path = "segmented-bg-pressed-center.png"; sourceTree = "<group>"; };
		846AF90C1F1208C200800464 /* star-icon@2x.png */ = {isa = PBXFileReference; lastKnownFileType = image.png; path = "star-icon@2x.png"; sourceTree = "<group>"; };
		846AF90D1F1208C200800464 /* segmented-bg-pressed-center@2x.png */ = {isa = PBXFileReference; lastKnownFileType = image.png; path = "segmented-bg-pressed-center@2x.png"; sourceTree = "<group>"; };
		846AF90E1F1208C200800464 /* segmented-bg-pressed-right.png */ = {isa = PBXFileReference; lastKnownFileType = image.png; path = "segmented-bg-pressed-right.png"; sourceTree = "<group>"; };
		846AF90F1F1208C200800464 /* social-icon.png */ = {isa = PBXFileReference; lastKnownFileType = image.png; path = "social-icon.png"; sourceTree = "<group>"; };
		846AF9101F1208C200800464 /* segmented-bg@2x.png */ = {isa = PBXFileReference; lastKnownFileType = image.png; path = "segmented-bg@2x.png"; sourceTree = "<group>"; };
		846AF9111F1208C200800464 /* segmented-bg-pressed-left@2x.png */ = {isa = PBXFileReference; lastKnownFileType = image.png; path = "segmented-bg-pressed-left@2x.png"; sourceTree = "<group>"; };
		846AF9121F1208C200800464 /* star-icon.png */ = {isa = PBXFileReference; lastKnownFileType = image.png; path = "star-icon.png"; sourceTree = "<group>"; };
		846AF9131F1208C200800464 /* settings-icon.png */ = {isa = PBXFileReference; lastKnownFileType = image.png; path = "settings-icon.png"; sourceTree = "<group>"; };
		846AF9141F1208C200800464 /* segmented-bg-pressed-left.png */ = {isa = PBXFileReference; lastKnownFileType = image.png; path = "segmented-bg-pressed-left.png"; sourceTree = "<group>"; };
		846AF9151F1208C200800464 /* segmented-bg.png */ = {isa = PBXFileReference; lastKnownFileType = image.png; path = "segmented-bg.png"; sourceTree = "<group>"; };
		846AF9161F1208C200800464 /* settings-icon@2x.png */ = {isa = PBXFileReference; lastKnownFileType = image.png; path = "settings-icon@2x.png"; sourceTree = "<group>"; };
		846AF9171F1208C200800464 /* segmented-bg-pressed-right@2x.png */ = {isa = PBXFileReference; lastKnownFileType = image.png; path = "segmented-bg-pressed-right@2x.png"; sourceTree = "<group>"; };
		846AF9181F1208C200800464 /* segmented-separator@2x.png */ = {isa = PBXFileReference; lastKnownFileType = image.png; path = "segmented-separator@2x.png"; sourceTree = "<group>"; };
		846AF9191F1208C200800464 /* social-icon@2x.png */ = {isa = PBXFileReference; lastKnownFileType = image.png; path = "social-icon@2x.png"; sourceTree = "<group>"; };
		846AF91A1F1208C200800464 /* AKSegmentedControl.h */ = {isa = PBXFileReference; fileEncoding = 4; lastKnownFileType = sourcecode.c.h; path = AKSegmentedControl.h; sourceTree = "<group>"; };
		846AF92D1F12167C00800464 /* IGLDropDownMenu.m */ = {isa = PBXFileReference; fileEncoding = 4; lastKnownFileType = sourcecode.c.objc; path = IGLDropDownMenu.m; sourceTree = "<group>"; };
		846AF92E1F12167C00800464 /* IGLDropDownItem.h */ = {isa = PBXFileReference; fileEncoding = 4; lastKnownFileType = sourcecode.c.h; path = IGLDropDownItem.h; sourceTree = "<group>"; };
		846AF92F1F12167C00800464 /* IGLDropDownMenu.h */ = {isa = PBXFileReference; fileEncoding = 4; lastKnownFileType = sourcecode.c.h; path = IGLDropDownMenu.h; sourceTree = "<group>"; };
		846AF9301F12167C00800464 /* IGLDropDownItem.m */ = {isa = PBXFileReference; fileEncoding = 4; lastKnownFileType = sourcecode.c.objc; path = IGLDropDownItem.m; sourceTree = "<group>"; };
		8476E3441F10C8000098700C /* Constant.swift */ = {isa = PBXFileReference; fileEncoding = 4; lastKnownFileType = sourcecode.swift; path = Constant.swift; sourceTree = "<group>"; };
		8476E35A1F10C9880098700C /* CircleController.swift */ = {isa = PBXFileReference; fileEncoding = 4; lastKnownFileType = sourcecode.swift; path = CircleController.swift; sourceTree = "<group>"; };
		8476E35C1F10C9960098700C /* MoreController.swift */ = {isa = PBXFileReference; fileEncoding = 4; lastKnownFileType = sourcecode.swift; path = MoreController.swift; sourceTree = "<group>"; };
		8476E35E1F10C99F0098700C /* PushController.swift */ = {isa = PBXFileReference; fileEncoding = 4; lastKnownFileType = sourcecode.swift; path = PushController.swift; sourceTree = "<group>"; };
		8476E3601F10C9AC0098700C /* RankController.swift */ = {isa = PBXFileReference; fileEncoding = 4; lastKnownFileType = sourcecode.swift; path = RankController.swift; sourceTree = "<group>"; };
		8476E3621F10C9B90098700C /* SearchController.swift */ = {isa = PBXFileReference; fileEncoding = 4; lastKnownFileType = sourcecode.swift; path = SearchController.swift; sourceTree = "<group>"; };
		8485C8BD1F10C61100553143 /* Readit.app */ = {isa = PBXFileReference; explicitFileType = wrapper.application; includeInIndex = 0; path = Readit.app; sourceTree = BUILT_PRODUCTS_DIR; };
		8485C8C01F10C61100553143 /* AppDelegate.swift */ = {isa = PBXFileReference; lastKnownFileType = sourcecode.swift; path = AppDelegate.swift; sourceTree = "<group>"; };
		8485C8C71F10C61100553143 /* Assets.xcassets */ = {isa = PBXFileReference; lastKnownFileType = folder.assetcatalog; path = Assets.xcassets; sourceTree = "<group>"; };
		8485C8CA1F10C61100553143 /* Base */ = {isa = PBXFileReference; lastKnownFileType = file.storyboard; name = Base; path = Base.lproj/LaunchScreen.storyboard; sourceTree = "<group>"; };
		8485C8CC1F10C61100553143 /* Info.plist */ = {isa = PBXFileReference; lastKnownFileType = text.plist.xml; path = Info.plist; sourceTree = "<group>"; };
		8A03959E024740032481BF91 /* Pods-Readit.debug.xcconfig */ = {isa = PBXFileReference; includeInIndex = 1; lastKnownFileType = text.xcconfig; name = "Pods-Readit.debug.xcconfig"; path = "Pods/Target Support Files/Pods-Readit/Pods-Readit.debug.xcconfig"; sourceTree = "<group>"; };
		AA43621039501E0FDBD42AF8 /* Pods_Readit.framework */ = {isa = PBXFileReference; explicitFileType = wrapper.framework; includeInIndex = 0; path = Pods_Readit.framework; sourceTree = BUILT_PRODUCTS_DIR; };
/* End PBXFileReference section */

/* Begin PBXFrameworksBuildPhase section */
		8485C8BA1F10C61100553143 /* Frameworks */ = {
			isa = PBXFrameworksBuildPhase;
			buildActionMask = 2147483647;
			files = (
				5DC425336B16F3F056E50562 /* Pods_Readit.framework in Frameworks */,
			);
			runOnlyForDeploymentPostprocessing = 0;
		};
/* End PBXFrameworksBuildPhase section */

/* Begin PBXGroup section */
		2B16848CEDAF172CC7191276 /* Frameworks */ = {
			isa = PBXGroup;
			children = (
				AA43621039501E0FDBD42AF8 /* Pods_Readit.framework */,
			);
			name = Frameworks;
			sourceTree = "<group>";
		};
		47B81EA032BB8D339F4565BD /* Pods */ = {
			isa = PBXGroup;
			children = (
				8A03959E024740032481BF91 /* Pods-Readit.debug.xcconfig */,
				4F32C1FF20B608DFF325FAE0 /* Pods-Readit.release.xcconfig */,
			);
			name = Pods;
			sourceTree = "<group>";
		};
		84218E251F12742D000FF09B /* XKeyBoard */ = {
			isa = PBXGroup;
			children = (
				84218E261F12742D000FF09B /* XKeyBoard.h */,
				84218E271F12742D000FF09B /* XKeyBoard.m */,
			);
			path = XKeyBoard;
			sourceTree = "<group>";
		};
		846AF8BF1F10E3F700800464 /* Factory */ = {
			isa = PBXGroup;
			children = (
				846AF8C21F10E48700800464 /* GeneralFactory.swift */,
			);
			path = Factory;
			sourceTree = "<group>";
		};
		846AF8C41F10E9C400800464 /* Extension */ = {
			isa = PBXGroup;
			children = (
				846AF8C51F10E9DA00800464 /* UIViewController+Extension.swift */,
				846AF9051F11FFCC00800464 /* UIColor+Extension.swift */,
			);
			path = Extension;
			sourceTree = "<group>";
		};
		846AF8CF1F10F51E00800464 /* Image */ = {
			isa = PBXGroup;
			children = (
				846AF8D01F10F51E00800464 /* red_point.png */,
				846AF8D11F10F51E00800464 /* blank.png */,
				846AF8D21F10F51E00800464 /* ear1.png */,
				846AF8D31F10F51E00800464 /* ear2.png */,
				846AF8D41F10F51E00800464 /* Avatar.png */,
				846AF8D51F10F51E00800464 /* logn.png */,
				846AF8D61F10F51E00800464 /* Icon2.png */,
				846AF8D71F10F51E00800464 /* Blank2.png */,
				846AF8D81F10F51E00800464 /* Cover.png */,
				846AF8D91F10F51E00800464 /* page4.png */,
				846AF8DA1F10F51E00800464 /* page1.png */,
				846AF8DB1F10F51E00800464 /* page3.png */,
				846AF8DC1F10F51E00800464 /* page2.png */,
			);
			path = Image;
			sourceTree = "<group>";
		};
		846AF8F51F11503000800464 /* VPImageCropperViewController */ = {
			isa = PBXGroup;
			children = (
				846AF8F61F11503000800464 /* VPImageCropperViewController.m */,
				846AF8F71F11503000800464 /* VPImageCropperViewController.h */,
			);
			path = VPImageCropperViewController;
			sourceTree = "<group>";
		};
		846AF9011F11D9BE00800464 /* LDXScore */ = {
			isa = PBXGroup;
			children = (
				846AF9021F11D9BE00800464 /* LDXScore.m */,
				846AF9031F11D9BE00800464 /* LDXScore.h */,
			);
			path = LDXScore;
			sourceTree = "<group>";
		};
		846AF9071F1208C200800464 /* AKSegmentedControl */ = {
			isa = PBXGroup;
			children = (
				846AF9081F1208C200800464 /* AKSegmentedControl.m */,
				846AF9091F1208C200800464 /* images */,
				846AF91A1F1208C200800464 /* AKSegmentedControl.h */,
			);
			path = AKSegmentedControl;
			sourceTree = "<group>";
		};
		846AF9091F1208C200800464 /* images */ = {
			isa = PBXGroup;
			children = (
				846AF90A1F1208C200800464 /* segmented-separator.png */,
				846AF90B1F1208C200800464 /* segmented-bg-pressed-center.png */,
				846AF90C1F1208C200800464 /* star-icon@2x.png */,
				846AF90D1F1208C200800464 /* segmented-bg-pressed-center@2x.png */,
				846AF90E1F1208C200800464 /* segmented-bg-pressed-right.png */,
				846AF90F1F1208C200800464 /* social-icon.png */,
				846AF9101F1208C200800464 /* segmented-bg@2x.png */,
				846AF9111F1208C200800464 /* segmented-bg-pressed-left@2x.png */,
				846AF9121F1208C200800464 /* star-icon.png */,
				846AF9131F1208C200800464 /* settings-icon.png */,
				846AF9141F1208C200800464 /* segmented-bg-pressed-left.png */,
				846AF9151F1208C200800464 /* segmented-bg.png */,
				846AF9161F1208C200800464 /* settings-icon@2x.png */,
				846AF9171F1208C200800464 /* segmented-bg-pressed-right@2x.png */,
				846AF9181F1208C200800464 /* segmented-separator@2x.png */,
				846AF9191F1208C200800464 /* social-icon@2x.png */,
			);
			path = images;
			sourceTree = "<group>";
		};
		846AF92C1F12167C00800464 /* IGLDropDownMenu */ = {
			isa = PBXGroup;
			children = (
				846AF92D1F12167C00800464 /* IGLDropDownMenu.m */,
				846AF92E1F12167C00800464 /* IGLDropDownItem.h */,
				846AF92F1F12167C00800464 /* IGLDropDownMenu.h */,
				846AF9301F12167C00800464 /* IGLDropDownItem.m */,
			);
			path = IGLDropDownMenu;
			sourceTree = "<group>";
		};
		8476E3411F10C6340098700C /* SupportingFiles */ = {
			isa = PBXGroup;
			children = (
				8485C8C71F10C61100553143 /* Assets.xcassets */,
				8485C8C91F10C61100553143 /* LaunchScreen.storyboard */,
				8485C8CC1F10C61100553143 /* Info.plist */,
			);
			name = SupportingFiles;
			sourceTree = "<group>";
		};
		8476E3421F10C7F10098700C /* Utils */ = {
			isa = PBXGroup;
			children = (
				84218E251F12742D000FF09B /* XKeyBoard */,
				846AF92C1F12167C00800464 /* IGLDropDownMenu */,
				846AF9071F1208C200800464 /* AKSegmentedControl */,
				846AF9011F11D9BE00800464 /* LDXScore */,
				846AF8F51F11503000800464 /* VPImageCropperViewController */,
				846AF8CF1F10F51E00800464 /* Image */,
				846AF8C41F10E9C400800464 /* Extension */,
				846AF8BF1F10E3F700800464 /* Factory */,
				8476E3431F10C7F20098700C /* Constant */,
			);
			path = Utils;
			sourceTree = "<group>";
		};
		8476E3431F10C7F20098700C /* Constant */ = {
			isa = PBXGroup;
			children = (
				8476E3441F10C8000098700C /* Constant.swift */,
			);
			path = Constant;
			sourceTree = "<group>";
		};
		8476E3461F10C95D0098700C /* Circle */ = {
			isa = PBXGroup;
			children = (
				8476E3471F10C95D0098700C /* Controller */,
				8476E3481F10C95D0098700C /* Model */,
				8476E3491F10C95D0098700C /* View */,
			);
			path = Circle;
			sourceTree = "<group>";
		};
		8476E3471F10C95D0098700C /* Controller */ = {
			isa = PBXGroup;
			children = (
				8476E35A1F10C9880098700C /* CircleController.swift */,
			);
			path = Controller;
			sourceTree = "<group>";
		};
		8476E3481F10C95D0098700C /* Model */ = {
			isa = PBXGroup;
			children = (
			);
			path = Model;
			sourceTree = "<group>";
		};
		8476E3491F10C95D0098700C /* View */ = {
			isa = PBXGroup;
			children = (
			);
			path = View;
			sourceTree = "<group>";
		};
		8476E34A1F10C95D0098700C /* More */ = {
			isa = PBXGroup;
			children = (
				8476E34B1F10C95D0098700C /* Controller */,
				8476E34C1F10C95D0098700C /* Model */,
				8476E34D1F10C95D0098700C /* View */,
			);
			path = More;
			sourceTree = "<group>";
		};
		8476E34B1F10C95D0098700C /* Controller */ = {
			isa = PBXGroup;
			children = (
				8476E35C1F10C9960098700C /* MoreController.swift */,
			);
			path = Controller;
			sourceTree = "<group>";
		};
		8476E34C1F10C95D0098700C /* Model */ = {
			isa = PBXGroup;
			children = (
			);
			path = Model;
			sourceTree = "<group>";
		};
		8476E34D1F10C95D0098700C /* View */ = {
			isa = PBXGroup;
			children = (
			);
			path = View;
			sourceTree = "<group>";
		};
		8476E34E1F10C95D0098700C /* Push */ = {
			isa = PBXGroup;
			children = (
				8476E34F1F10C95D0098700C /* Controller */,
				8476E3501F10C95D0098700C /* Model */,
				8476E3511F10C95D0098700C /* View */,
			);
			path = Push;
			sourceTree = "<group>";
		};
		8476E34F1F10C95D0098700C /* Controller */ = {
			isa = PBXGroup;
			children = (
				8476E35E1F10C99F0098700C /* PushController.swift */,
				846AF8BD1F10DBAD00800464 /* ReviewAdditionController.swift */,
				846AF8F01F11230200800464 /* PhotoPickerController.swift */,
				846AF8F91F11CCDB00800464 /* PushTitleController.swift */,
				846AF8FD1F11CD0100800464 /* PushCategoryController.swift */,
				846AF8FF1F11CD1100800464 /* PushContentController.swift */,
			);
			path = Controller;
			sourceTree = "<group>";
		};
		8476E3501F10C95D0098700C /* Model */ = {
			isa = PBXGroup;
			children = (
			);
			path = Model;
			sourceTree = "<group>";
		};
		8476E3511F10C95D0098700C /* View */ = {
			isa = PBXGroup;
			children = (
				846AF8C91F10F31000800464 /* ReviewAdditionHeaderView.swift */,
				84218E371F13D792000FF09B /* ReviewCell.swift */,
			);
			path = View;
			sourceTree = "<group>";
		};
		8476E3521F10C95D0098700C /* Rank */ = {
			isa = PBXGroup;
			children = (
				8476E3531F10C95D0098700C /* Controller */,
				8476E3541F10C95D0098700C /* Model */,
				8476E3551F10C95D0098700C /* View */,
			);
			path = Rank;
			sourceTree = "<group>";
		};
		8476E3531F10C95D0098700C /* Controller */ = {
			isa = PBXGroup;
			children = (
				8476E3601F10C9AC0098700C /* RankController.swift */,
				84218E2F1F12A2D5000FF09B /* Login.storyboard */,
				84218E301F12A2D5000FF09B /* LoginController.swift */,
				84218E311F12A2D5000FF09B /* RegisterController.swift */,
			);
			path = Controller;
			sourceTree = "<group>";
		};
		8476E3541F10C95D0098700C /* Model */ = {
			isa = PBXGroup;
			children = (
				84218E351F131A2E000FF09B /* BookReview.swift */,
			);
			path = Model;
			sourceTree = "<group>";
		};
		8476E3551F10C95D0098700C /* View */ = {
			isa = PBXGroup;
			children = (
			);
			path = View;
			sourceTree = "<group>";
		};
		8476E3561F10C95D0098700C /* Search */ = {
			isa = PBXGroup;
			children = (
				8476E3571F10C95D0098700C /* Controller */,
				8476E3581F10C95D0098700C /* Model */,
				8476E3591F10C95D0098700C /* View */,
			);
			path = Search;
			sourceTree = "<group>";
		};
		8476E3571F10C95D0098700C /* Controller */ = {
			isa = PBXGroup;
			children = (
				8476E3621F10C9B90098700C /* SearchController.swift */,
			);
			path = Controller;
			sourceTree = "<group>";
		};
		8476E3581F10C95D0098700C /* Model */ = {
			isa = PBXGroup;
			children = (
			);
			path = Model;
			sourceTree = "<group>";
		};
		8476E3591F10C95D0098700C /* View */ = {
			isa = PBXGroup;
			children = (
			);
			path = View;
			sourceTree = "<group>";
		};
		8485C8B41F10C61100553143 = {
			isa = PBXGroup;
			children = (
				8485C8BF1F10C61100553143 /* Readit */,
				8485C8BE1F10C61100553143 /* Products */,
				47B81EA032BB8D339F4565BD /* Pods */,
				2B16848CEDAF172CC7191276 /* Frameworks */,
			);
			sourceTree = "<group>";
		};
		8485C8BE1F10C61100553143 /* Products */ = {
			isa = PBXGroup;
			children = (
				8485C8BD1F10C61100553143 /* Readit.app */,
			);
			name = Products;
			sourceTree = "<group>";
		};
		8485C8BF1F10C61100553143 /* Readit */ = {
			isa = PBXGroup;
			children = (
				8485C8C01F10C61100553143 /* AppDelegate.swift */,
				8476E3521F10C95D0098700C /* Rank */,
				8476E3561F10C95D0098700C /* Search */,
				8476E34E1F10C95D0098700C /* Push */,
				8476E3461F10C95D0098700C /* Circle */,
				8476E34A1F10C95D0098700C /* More */,
				8476E3421F10C7F10098700C /* Utils */,
				8476E3411F10C6340098700C /* SupportingFiles */,
				846AF8F21F11500D00800464 /* Readit-Bridging-Header.h */,
			);
			path = Readit;
			sourceTree = "<group>";
		};
/* End PBXGroup section */

/* Begin PBXNativeTarget section */
		8485C8BC1F10C61100553143 /* Readit */ = {
			isa = PBXNativeTarget;
			buildConfigurationList = 8485C8CF1F10C61100553143 /* Build configuration list for PBXNativeTarget "Readit" */;
			buildPhases = (
				461EAC5EF1B64393917E1452 /* [CP] Check Pods Manifest.lock */,
				8485C8B91F10C61100553143 /* Sources */,
				8485C8BA1F10C61100553143 /* Frameworks */,
				8485C8BB1F10C61100553143 /* Resources */,
				A9FE15D5664A68360FC80B2B /* [CP] Embed Pods Frameworks */,
				B3F8A32AB93709E61309C4E9 /* [CP] Copy Pods Resources */,
			);
			buildRules = (
			);
			dependencies = (
			);
			name = Readit;
			productName = Readit;
			productReference = 8485C8BD1F10C61100553143 /* Readit.app */;
			productType = "com.apple.product-type.application";
		};
/* End PBXNativeTarget section */

/* Begin PBXProject section */
		8485C8B51F10C61100553143 /* Project object */ = {
			isa = PBXProject;
			attributes = {
				LastSwiftUpdateCheck = 0830;
				LastUpgradeCheck = 0830;
				ORGANIZATIONNAME = kingcos;
				TargetAttributes = {
					8485C8BC1F10C61100553143 = {
						CreatedOnToolsVersion = 8.3.3;
						DevelopmentTeam = LEG7CXMPKJ;
						LastSwiftMigration = 0830;
						ProvisioningStyle = Automatic;
					};
				};
			};
			buildConfigurationList = 8485C8B81F10C61100553143 /* Build configuration list for PBXProject "Readit" */;
			compatibilityVersion = "Xcode 3.2";
			developmentRegion = English;
			hasScannedForEncodings = 0;
			knownRegions = (
				en,
				Base,
			);
			mainGroup = 8485C8B41F10C61100553143;
			productRefGroup = 8485C8BE1F10C61100553143 /* Products */;
			projectDirPath = "";
			projectRoot = "";
			targets = (
				8485C8BC1F10C61100553143 /* Readit */,
			);
		};
/* End PBXProject section */

/* Begin PBXResourcesBuildPhase section */
		8485C8BB1F10C61100553143 /* Resources */ = {
			isa = PBXResourcesBuildPhase;
			buildActionMask = 2147483647;
			files = (
				84218E321F12A2D5000FF09B /* Login.storyboard in Resources */,
				846AF9211F1208C200800464 /* social-icon.png in Resources */,
				846AF92A1F1208C200800464 /* segmented-separator@2x.png in Resources */,
				846AF92B1F1208C200800464 /* social-icon@2x.png in Resources */,
				846AF8DE1F10F51E00800464 /* blank.png in Resources */,
				846AF9291F1208C200800464 /* segmented-bg-pressed-right@2x.png in Resources */,
				846AF91F1F1208C200800464 /* segmented-bg-pressed-center@2x.png in Resources */,
				846AF9251F1208C200800464 /* settings-icon.png in Resources */,
				846AF8DF1F10F51E00800464 /* ear1.png in Resources */,
				8485C8CB1F10C61100553143 /* LaunchScreen.storyboard in Resources */,
				846AF8E41F10F51E00800464 /* Blank2.png in Resources */,
				846AF91D1F1208C200800464 /* segmented-bg-pressed-center.png in Resources */,
				846AF91C1F1208C200800464 /* segmented-separator.png in Resources */,
				846AF9261F1208C200800464 /* segmented-bg-pressed-left.png in Resources */,
				846AF8E21F10F51E00800464 /* logn.png in Resources */,
				846AF91E1F1208C200800464 /* star-icon@2x.png in Resources */,
				846AF9221F1208C200800464 /* segmented-bg@2x.png in Resources */,
				846AF9201F1208C200800464 /* segmented-bg-pressed-right.png in Resources */,
				846AF8E61F10F51E00800464 /* page4.png in Resources */,
				846AF8E81F10F51E00800464 /* page3.png in Resources */,
				846AF9281F1208C200800464 /* settings-icon@2x.png in Resources */,
				8485C8C81F10C61100553143 /* Assets.xcassets in Resources */,
				846AF8DD1F10F51E00800464 /* red_point.png in Resources */,
				846AF9241F1208C200800464 /* star-icon.png in Resources */,
				846AF8E51F10F51E00800464 /* Cover.png in Resources */,
				846AF8E71F10F51E00800464 /* page1.png in Resources */,
				846AF8E31F10F51E00800464 /* Icon2.png in Resources */,
				846AF9271F1208C200800464 /* segmented-bg.png in Resources */,
				846AF8E11F10F51E00800464 /* Avatar.png in Resources */,
				846AF9231F1208C200800464 /* segmented-bg-pressed-left@2x.png in Resources */,
				846AF8E01F10F51E00800464 /* ear2.png in Resources */,
				846AF8E91F10F51E00800464 /* page2.png in Resources */,
			);
			runOnlyForDeploymentPostprocessing = 0;
		};
/* End PBXResourcesBuildPhase section */

/* Begin PBXShellScriptBuildPhase section */
		461EAC5EF1B64393917E1452 /* [CP] Check Pods Manifest.lock */ = {
			isa = PBXShellScriptBuildPhase;
			buildActionMask = 2147483647;
			files = (
			);
			inputPaths = (
			);
			name = "[CP] Check Pods Manifest.lock";
			outputPaths = (
			);
			runOnlyForDeploymentPostprocessing = 0;
			shellPath = /bin/sh;
			shellScript = "diff \"${PODS_PODFILE_DIR_PATH}/Podfile.lock\" \"${PODS_ROOT}/Manifest.lock\" > /dev/null\nif [ $? != 0 ] ; then\n    # print error to STDERR\n    echo \"error: The sandbox is not in sync with the Podfile.lock. Run 'pod install' or update your CocoaPods installation.\" >&2\n    exit 1\nfi\n";
			showEnvVarsInLog = 0;
		};
		A9FE15D5664A68360FC80B2B /* [CP] Embed Pods Frameworks */ = {
			isa = PBXShellScriptBuildPhase;
			buildActionMask = 2147483647;
			files = (
			);
			inputPaths = (
			);
			name = "[CP] Embed Pods Frameworks";
			outputPaths = (
			);
			runOnlyForDeploymentPostprocessing = 0;
			shellPath = /bin/sh;
			shellScript = "\"${SRCROOT}/Pods/Target Support Files/Pods-Readit/Pods-Readit-frameworks.sh\"\n";
			showEnvVarsInLog = 0;
		};
		B3F8A32AB93709E61309C4E9 /* [CP] Copy Pods Resources */ = {
			isa = PBXShellScriptBuildPhase;
			buildActionMask = 2147483647;
			files = (
			);
			inputPaths = (
			);
			name = "[CP] Copy Pods Resources";
			outputPaths = (
			);
			runOnlyForDeploymentPostprocessing = 0;
			shellPath = /bin/sh;
			shellScript = "\"${SRCROOT}/Pods/Target Support Files/Pods-Readit/Pods-Readit-resources.sh\"\n";
			showEnvVarsInLog = 0;
		};
/* End PBXShellScriptBuildPhase section */

/* Begin PBXSourcesBuildPhase section */
		8485C8B91F10C61100553143 /* Sources */ = {
			isa = PBXSourcesBuildPhase;
			buildActionMask = 2147483647;
			files = (
				846AF9001F11CD1100800464 /* PushContentController.swift in Sources */,
				8476E35B1F10C9880098700C /* CircleController.swift in Sources */,
				8485C8C11F10C61100553143 /* AppDelegate.swift in Sources */,
				846AF9061F11FFCC00800464 /* UIColor+Extension.swift in Sources */,
				8476E35F1F10C99F0098700C /* PushController.swift in Sources */,
				846AF8BE1F10DBAD00800464 /* ReviewAdditionController.swift in Sources */,
				846AF8C31F10E48700800464 /* GeneralFactory.swift in Sources */,
				846AF91B1F1208C200800464 /* AKSegmentedControl.m in Sources */,
				8476E3631F10C9B90098700C /* SearchController.swift in Sources */,
				84218E331F12A2D5000FF09B /* LoginController.swift in Sources */,
				846AF9321F12167C00800464 /* IGLDropDownItem.m in Sources */,
				846AF8F11F11230200800464 /* PhotoPickerController.swift in Sources */,
				846AF9041F11D9BE00800464 /* LDXScore.m in Sources */,
				8476E35D1F10C9960098700C /* MoreController.swift in Sources */,
				8476E3451F10C8000098700C /* Constant.swift in Sources */,
				846AF8FE1F11CD0100800464 /* PushCategoryController.swift in Sources */,
				846AF8F81F11503000800464 /* VPImageCropperViewController.m in Sources */,
				846AF8CA1F10F31000800464 /* ReviewAdditionHeaderView.swift in Sources */,
				84218E281F12742D000FF09B /* XKeyBoard.m in Sources */,
				846AF8C61F10E9DA00800464 /* UIViewController+Extension.swift in Sources */,
				84218E361F131A2E000FF09B /* BookReview.swift in Sources */,
				84218E341F12A2D5000FF09B /* RegisterController.swift in Sources */,
				846AF8FA1F11CCDB00800464 /* PushTitleController.swift in Sources */,
				84218E381F13D792000FF09B /* ReviewCell.swift in Sources */,
				846AF9311F12167C00800464 /* IGLDropDownMenu.m in Sources */,
				8476E3611F10C9AC0098700C /* RankController.swift in Sources */,
			);
			runOnlyForDeploymentPostprocessing = 0;
		};
/* End PBXSourcesBuildPhase section */

/* Begin PBXVariantGroup section */
		8485C8C91F10C61100553143 /* LaunchScreen.storyboard */ = {
			isa = PBXVariantGroup;
			children = (
				8485C8CA1F10C61100553143 /* Base */,
			);
			name = LaunchScreen.storyboard;
			sourceTree = "<group>";
		};
/* End PBXVariantGroup section */

/* Begin XCBuildConfiguration section */
		8485C8CD1F10C61100553143 /* Debug */ = {
			isa = XCBuildConfiguration;
			buildSettings = {
				ALWAYS_SEARCH_USER_PATHS = NO;
				CLANG_ANALYZER_NONNULL = YES;
				CLANG_ANALYZER_NUMBER_OBJECT_CONVERSION = YES_AGGRESSIVE;
				CLANG_CXX_LANGUAGE_STANDARD = "gnu++0x";
				CLANG_CXX_LIBRARY = "libc++";
				CLANG_ENABLE_MODULES = YES;
				CLANG_ENABLE_OBJC_ARC = YES;
				CLANG_WARN_BOOL_CONVERSION = YES;
				CLANG_WARN_CONSTANT_CONVERSION = YES;
				CLANG_WARN_DIRECT_OBJC_ISA_USAGE = YES_ERROR;
				CLANG_WARN_DOCUMENTATION_COMMENTS = YES;
				CLANG_WARN_EMPTY_BODY = YES;
				CLANG_WARN_ENUM_CONVERSION = YES;
				CLANG_WARN_INFINITE_RECURSION = YES;
				CLANG_WARN_INT_CONVERSION = YES;
				CLANG_WARN_OBJC_ROOT_CLASS = YES_ERROR;
				CLANG_WARN_SUSPICIOUS_MOVE = YES;
				CLANG_WARN_UNREACHABLE_CODE = YES;
				CLANG_WARN__DUPLICATE_METHOD_MATCH = YES;
				"CODE_SIGN_IDENTITY[sdk=iphoneos*]" = "iPhone Developer";
				COPY_PHASE_STRIP = NO;
				DEBUG_INFORMATION_FORMAT = dwarf;
				ENABLE_STRICT_OBJC_MSGSEND = YES;
				ENABLE_TESTABILITY = YES;
				GCC_C_LANGUAGE_STANDARD = gnu99;
				GCC_DYNAMIC_NO_PIC = NO;
				GCC_NO_COMMON_BLOCKS = YES;
				GCC_OPTIMIZATION_LEVEL = 0;
				GCC_PREPROCESSOR_DEFINITIONS = (
					"DEBUG=1",
					"$(inherited)",
				);
				GCC_WARN_64_TO_32_BIT_CONVERSION = YES;
				GCC_WARN_ABOUT_RETURN_TYPE = YES_ERROR;
				GCC_WARN_UNDECLARED_SELECTOR = YES;
				GCC_WARN_UNINITIALIZED_AUTOS = YES_AGGRESSIVE;
				GCC_WARN_UNUSED_FUNCTION = YES;
				GCC_WARN_UNUSED_VARIABLE = YES;
				IPHONEOS_DEPLOYMENT_TARGET = 10.3;
				MTL_ENABLE_DEBUG_INFO = YES;
				ONLY_ACTIVE_ARCH = YES;
				SDKROOT = iphoneos;
				SWIFT_ACTIVE_COMPILATION_CONDITIONS = DEBUG;
				SWIFT_OBJC_BRIDGING_HEADER = "";
				SWIFT_OPTIMIZATION_LEVEL = "-Onone";
			};
			name = Debug;
		};
		8485C8CE1F10C61100553143 /* Release */ = {
			isa = XCBuildConfiguration;
			buildSettings = {
				ALWAYS_SEARCH_USER_PATHS = NO;
				CLANG_ANALYZER_NONNULL = YES;
				CLANG_ANALYZER_NUMBER_OBJECT_CONVERSION = YES_AGGRESSIVE;
				CLANG_CXX_LANGUAGE_STANDARD = "gnu++0x";
				CLANG_CXX_LIBRARY = "libc++";
				CLANG_ENABLE_MODULES = YES;
				CLANG_ENABLE_OBJC_ARC = YES;
				CLANG_WARN_BOOL_CONVERSION = YES;
				CLANG_WARN_CONSTANT_CONVERSION = YES;
				CLANG_WARN_DIRECT_OBJC_ISA_USAGE = YES_ERROR;
				CLANG_WARN_DOCUMENTATION_COMMENTS = YES;
				CLANG_WARN_EMPTY_BODY = YES;
				CLANG_WARN_ENUM_CONVERSION = YES;
				CLANG_WARN_INFINITE_RECURSION = YES;
				CLANG_WARN_INT_CONVERSION = YES;
				CLANG_WARN_OBJC_ROOT_CLASS = YES_ERROR;
				CLANG_WARN_SUSPICIOUS_MOVE = YES;
				CLANG_WARN_UNREACHABLE_CODE = YES;
				CLANG_WARN__DUPLICATE_METHOD_MATCH = YES;
				"CODE_SIGN_IDENTITY[sdk=iphoneos*]" = "iPhone Developer";
				COPY_PHASE_STRIP = NO;
				DEBUG_INFORMATION_FORMAT = "dwarf-with-dsym";
				ENABLE_NS_ASSERTIONS = NO;
				ENABLE_STRICT_OBJC_MSGSEND = YES;
				GCC_C_LANGUAGE_STANDARD = gnu99;
				GCC_NO_COMMON_BLOCKS = YES;
				GCC_WARN_64_TO_32_BIT_CONVERSION = YES;
				GCC_WARN_ABOUT_RETURN_TYPE = YES_ERROR;
				GCC_WARN_UNDECLARED_SELECTOR = YES;
				GCC_WARN_UNINITIALIZED_AUTOS = YES_AGGRESSIVE;
				GCC_WARN_UNUSED_FUNCTION = YES;
				GCC_WARN_UNUSED_VARIABLE = YES;
				IPHONEOS_DEPLOYMENT_TARGET = 10.3;
				MTL_ENABLE_DEBUG_INFO = NO;
				SDKROOT = iphoneos;
				SWIFT_OBJC_BRIDGING_HEADER = "";
				SWIFT_OPTIMIZATION_LEVEL = "-Owholemodule";
				VALIDATE_PRODUCT = YES;
			};
			name = Release;
		};
		8485C8D01F10C61100553143 /* Debug */ = {
			isa = XCBuildConfiguration;
			baseConfigurationReference = 8A03959E024740032481BF91 /* Pods-Readit.debug.xcconfig */;
			buildSettings = {
				ASSETCATALOG_COMPILER_APPICON_NAME = AppIcon;
				CLANG_ENABLE_MODULES = YES;
				DEVELOPMENT_TEAM = LEG7CXMPKJ;
				INFOPLIST_FILE = Readit/Info.plist;
				LD_RUNPATH_SEARCH_PATHS = "$(inherited) @executable_path/Frameworks";
				PRODUCT_BUNDLE_IDENTIFIER = com.maimieng.Readit;
				PRODUCT_NAME = "$(TARGET_NAME)";
				SWIFT_OBJC_BRIDGING_HEADER = "Readit/Readit-Bridging-Header.h";
				SWIFT_OPTIMIZATION_LEVEL = "-Onone";
				SWIFT_VERSION = 3.0;
			};
			name = Debug;
		};
		8485C8D11F10C61100553143 /* Release */ = {
			isa = XCBuildConfiguration;
			baseConfigurationReference = 4F32C1FF20B608DFF325FAE0 /* Pods-Readit.release.xcconfig */;
			buildSettings = {
				ASSETCATALOG_COMPILER_APPICON_NAME = AppIcon;
				CLANG_ENABLE_MODULES = YES;
				DEVELOPMENT_TEAM = LEG7CXMPKJ;
				INFOPLIST_FILE = Readit/Info.plist;
				LD_RUNPATH_SEARCH_PATHS = "$(inherited) @executable_path/Frameworks";
				PRODUCT_BUNDLE_IDENTIFIER = com.maimieng.Readit;
				PRODUCT_NAME = "$(TARGET_NAME)";
				SWIFT_OBJC_BRIDGING_HEADER = "Readit/Readit-Bridging-Header.h";
				SWIFT_VERSION = 3.0;
			};
			name = Release;
		};
/* End XCBuildConfiguration section */

/* Begin XCConfigurationList section */
		8485C8B81F10C61100553143 /* Build configuration list for PBXProject "Readit" */ = {
			isa = XCConfigurationList;
			buildConfigurations = (
				8485C8CD1F10C61100553143 /* Debug */,
				8485C8CE1F10C61100553143 /* Release */,
			);
			defaultConfigurationIsVisible = 0;
			defaultConfigurationName = Release;
		};
		8485C8CF1F10C61100553143 /* Build configuration list for PBXNativeTarget "Readit" */ = {
			isa = XCConfigurationList;
			buildConfigurations = (
				8485C8D01F10C61100553143 /* Debug */,
				8485C8D11F10C61100553143 /* Release */,
			);
			defaultConfigurationIsVisible = 0;
			defaultConfigurationName = Release;
		};
/* End XCConfigurationList section */
	};
	rootObject = 8485C8B51F10C61100553143 /* Project object */;
}
