// !$*UTF8*$!
{
	archiveVersion = 1;
	classes = {
	};
	objectVersion = 46;
	objects = {

/* Begin PBXBuildFile section */
		5DC425336B16F3F056E50562 /* Pods_Readit.framework in Frameworks */ = {isa = PBXBuildFile; fileRef = AA43621039501E0FDBD42AF8 /* Pods_Readit.framework */; };
		8476E3451F10C8000098700C /* Constant.swift in Sources */ = {isa = PBXBuildFile; fileRef = 8476E3441F10C8000098700C /* Constant.swift */; };
		8485C8C11F10C61100553143 /* AppDelegate.swift in Sources */ = {isa = PBXBuildFile; fileRef = 8485C8C01F10C61100553143 /* AppDelegate.swift */; };
		8485C8C81F10C61100553143 /* Assets.xcassets in Resources */ = {isa = PBXBuildFile; fileRef = 8485C8C71F10C61100553143 /* Assets.xcassets */; };
		8485C8CB1F10C61100553143 /* LaunchScreen.storyboard in Resources */ = {isa = PBXBuildFile; fileRef = 8485C8C91F10C61100553143 /* LaunchScreen.storyboard */; };
/* End PBXBuildFile section */

/* Begin PBXFileReference section */
		4F32C1FF20B608DFF325FAE0 /* Pods-Readit.release.xcconfig */ = {isa = PBXFileReference; includeInIndex = 1; lastKnownFileType = text.xcconfig; name = "Pods-Readit.release.xcconfig"; path = "Pods/Target Support Files/Pods-Readit/Pods-Readit.release.xcconfig"; sourceTree = "<group>"; };
		8476E3441F10C8000098700C /* Constant.swift */ = {isa = PBXFileReference; fileEncoding = 4; lastKnownFileType = sourcecode.swift; path = Constant.swift; sourceTree = "<group>"; };
		8485C8BD1F10C61100553143 /* Readit.app */ = {isa = PBXFileReference; explicitFileType = wrapper.application; includeInIndex = 0; path = Readit.app; sourceTree = BUILT_PRODUCTS_DIR; };
		8485C8C01F10C61100553143 /* AppDelegate.swift */ = {isa = PBXFileReference; lastKnownFileType = sourcecode.swift; path = AppDelegate.swift; sourceTree = "<group>"; };
		8485C8C71F10C61100553143 /* Assets.xcassets */ = {isa = PBXFileReference; lastKnownFileType = folder.assetcatalog; path = Assets.xcassets; sourceTree = "<group>"; };
		8485C8CA1F10C61100553143 /* Base */ = {isa = PBXFileReference; lastKnownFileType = file.storyboard; name = Base; path = Base.lproj/LaunchScreen.storyboard; sourceTree = "<group>"; };
		8485C8CC1F10C61100553143 /* Info.plist */ = {isa = PBXFileReference; lastKnownFileType = text.plist.xml; path = Info.plist; sourceTree = "<group>"; };
		8A03959E024740032481BF91 /* Pods-Readit.debug.xcconfig */ = {isa = PBXFileReference; includeInIndex = 1; lastKnownFileType = text.xcconfig; name = "Pods-Readit.debug.xcconfig"; path = "Pods/Target Support Files/Pods-Readit/Pods-Readit.debug.xcconfig"; sourceTree = "<group>"; };
		AA43621039501E0FDBD42AF8 /* Pods_Readit.framework */ = {isa = PBXFileReference; explicitFileType = wrapper.framework; includeInIndex = 0; path = Pods_Readit.framework; sourceTree = BUILT_PRODUCTS_DIR; };
/* End PBXFileReference section */

/* Begin PBXFrameworksBuildPhase section */
		8485C8BA1F10C61100553143 /* Frameworks */ = {
			isa = PBXFrameworksBuildPhase;
			buildActionMask = 2147483647;
			files = (
				5DC425336B16F3F056E50562 /* Pods_Readit.framework in Frameworks */,
			);
			runOnlyForDeploymentPostprocessing = 0;
		};
/* End PBXFrameworksBuildPhase section */

/* Begin PBXGroup section */
		2B16848CEDAF172CC7191276 /* Frameworks */ = {
			isa = PBXGroup;
			children = (
				AA43621039501E0FDBD42AF8 /* Pods_Readit.framework */,
			);
			name = Frameworks;
			sourceTree = "<group>";
		};
		47B81EA032BB8D339F4565BD /* Pods */ = {
			isa = PBXGroup;
			children = (
				8A03959E024740032481BF91 /* Pods-Readit.debug.xcconfig */,
				4F32C1FF20B608DFF325FAE0 /* Pods-Readit.release.xcconfig */,
			);
			name = Pods;
			sourceTree = "<group>";
		};
		8476E3411F10C6340098700C /* SupportingFiles */ = {
			isa = PBXGroup;
			children = (
				8485C8C71F10C61100553143 /* Assets.xcassets */,
				8485C8C91F10C61100553143 /* LaunchScreen.storyboard */,
				8485C8CC1F10C61100553143 /* Info.plist */,
			);
			name = SupportingFiles;
			sourceTree = "<group>";
		};
		8476E3421F10C7F10098700C /* Utils */ = {
			isa = PBXGroup;
			children = (
				8476E3431F10C7F20098700C /* Constant */,
			);
			path = Utils;
			sourceTree = "<group>";
		};
		8476E3431F10C7F20098700C /* Constant */ = {
			isa = PBXGroup;
			children = (
				8476E3441F10C8000098700C /* Constant.swift */,
			);
			path = Constant;
			sourceTree = "<group>";
		};
		8485C8B41F10C61100553143 = {
			isa = PBXGroup;
			children = (
				8485C8BF1F10C61100553143 /* Readit */,
				8485C8BE1F10C61100553143 /* Products */,
				47B81EA032BB8D339F4565BD /* Pods */,
				2B16848CEDAF172CC7191276 /* Frameworks */,
			);
			sourceTree = "<group>";
		};
		8485C8BE1F10C61100553143 /* Products */ = {
			isa = PBXGroup;
			children = (
				8485C8BD1F10C61100553143 /* Readit.app */,
			);
			name = Products;
			sourceTree = "<group>";
		};
		8485C8BF1F10C61100553143 /* Readit */ = {
			isa = PBXGroup;
			children = (
				8485C8C01F10C61100553143 /* AppDelegate.swift */,
				8476E3421F10C7F10098700C /* Utils */,
				8476E3411F10C6340098700C /* SupportingFiles */,
			);
			path = Readit;
			sourceTree = "<group>";
		};
/* End PBXGroup section */

/* Begin PBXNativeTarget section */
		8485C8BC1F10C61100553143 /* Readit */ = {
			isa = PBXNativeTarget;
			buildConfigurationList = 8485C8CF1F10C61100553143 /* Build configuration list for PBXNativeTarget "Readit" */;
			buildPhases = (
				461EAC5EF1B64393917E1452 /* [CP] Check Pods Manifest.lock */,
				8485C8B91F10C61100553143 /* Sources */,
				8485C8BA1F10C61100553143 /* Frameworks */,
				8485C8BB1F10C61100553143 /* Resources */,
				A9FE15D5664A68360FC80B2B /* [CP] Embed Pods Frameworks */,
				B3F8A32AB93709E61309C4E9 /* [CP] Copy Pods Resources */,
			);
			buildRules = (
			);
			dependencies = (
			);
			name = Readit;
			productName = Readit;
			productReference = 8485C8BD1F10C61100553143 /* Readit.app */;
			productType = "com.apple.product-type.application";
		};
/* End PBXNativeTarget section */

/* Begin PBXProject section */
		8485C8B51F10C61100553143 /* Project object */ = {
			isa = PBXProject;
			attributes = {
				LastSwiftUpdateCheck = 0830;
				LastUpgradeCheck = 0830;
				ORGANIZATIONNAME = kingcos;
				TargetAttributes = {
					8485C8BC1F10C61100553143 = {
						CreatedOnToolsVersion = 8.3.3;
						DevelopmentTeam = LEG7CXMPKJ;
						ProvisioningStyle = Automatic;
					};
				};
			};
			buildConfigurationList = 8485C8B81F10C61100553143 /* Build configuration list for PBXProject "Readit" */;
			compatibilityVersion = "Xcode 3.2";
			developmentRegion = English;
			hasScannedForEncodings = 0;
			knownRegions = (
				en,
				Base,
			);
			mainGroup = 8485C8B41F10C61100553143;
			productRefGroup = 8485C8BE1F10C61100553143 /* Products */;
			projectDirPath = "";
			projectRoot = "";
			targets = (
				8485C8BC1F10C61100553143 /* Readit */,
			);
		};
/* End PBXProject section */

/* Begin PBXResourcesBuildPhase section */
		8485C8BB1F10C61100553143 /* Resources */ = {
			isa = PBXResourcesBuildPhase;
			buildActionMask = 2147483647;
			files = (
				8485C8CB1F10C61100553143 /* LaunchScreen.storyboard in Resources */,
				8485C8C81F10C61100553143 /* Assets.xcassets in Resources */,
			);
			runOnlyForDeploymentPostprocessing = 0;
		};
/* End PBXResourcesBuildPhase section */

/* Begin PBXShellScriptBuildPhase section */
		461EAC5EF1B64393917E1452 /* [CP] Check Pods Manifest.lock */ = {
			isa = PBXShellScriptBuildPhase;
			buildActionMask = 2147483647;
			files = (
			);
			inputPaths = (
			);
			name = "[CP] Check Pods Manifest.lock";
			outputPaths = (
			);
			runOnlyForDeploymentPostprocessing = 0;
			shellPath = /bin/sh;
			shellScript = "diff \"${PODS_PODFILE_DIR_PATH}/Podfile.lock\" \"${PODS_ROOT}/Manifest.lock\" > /dev/null\nif [ $? != 0 ] ; then\n    # print error to STDERR\n    echo \"error: The sandbox is not in sync with the Podfile.lock. Run 'pod install' or update your CocoaPods installation.\" >&2\n    exit 1\nfi\n";
			showEnvVarsInLog = 0;
		};
		A9FE15D5664A68360FC80B2B /* [CP] Embed Pods Frameworks */ = {
			isa = PBXShellScriptBuildPhase;
			buildActionMask = 2147483647;
			files = (
			);
			inputPaths = (
			);
			name = "[CP] Embed Pods Frameworks";
			outputPaths = (
			);
			runOnlyForDeploymentPostprocessing = 0;
			shellPath = /bin/sh;
			shellScript = "\"${SRCROOT}/Pods/Target Support Files/Pods-Readit/Pods-Readit-frameworks.sh\"\n";
			showEnvVarsInLog = 0;
		};
		B3F8A32AB93709E61309C4E9 /* [CP] Copy Pods Resources */ = {
			isa = PBXShellScriptBuildPhase;
			buildActionMask = 2147483647;
			files = (
			);
			inputPaths = (
			);
			name = "[CP] Copy Pods Resources";
			outputPaths = (
			);
			runOnlyForDeploymentPostprocessing = 0;
			shellPath = /bin/sh;
			shellScript = "\"${SRCROOT}/Pods/Target Support Files/Pods-Readit/Pods-Readit-resources.sh\"\n";
			showEnvVarsInLog = 0;
		};
/* End PBXShellScriptBuildPhase section */

/* Begin PBXSourcesBuildPhase section */
		8485C8B91F10C61100553143 /* Sources */ = {
			isa = PBXSourcesBuildPhase;
			buildActionMask = 2147483647;
			files = (
				8485C8C11F10C61100553143 /* AppDelegate.swift in Sources */,
				8476E3451F10C8000098700C /* Constant.swift in Sources */,
			);
			runOnlyForDeploymentPostprocessing = 0;
		};
/* End PBXSourcesBuildPhase section */

/* Begin PBXVariantGroup section */
		8485C8C91F10C61100553143 /* LaunchScreen.storyboard */ = {
			isa = PBXVariantGroup;
			children = (
				8485C8CA1F10C61100553143 /* Base */,
			);
			name = LaunchScreen.storyboard;
			sourceTree = "<group>";
		};
/* End PBXVariantGroup section */

/* Begin XCBuildConfiguration section */
		8485C8CD1F10C61100553143 /* Debug */ = {
			isa = XCBuildConfiguration;
			buildSettings = {
				ALWAYS_SEARCH_USER_PATHS = NO;
				CLANG_ANALYZER_NONNULL = YES;
				CLANG_ANALYZER_NUMBER_OBJECT_CONVERSION = YES_AGGRESSIVE;
				CLANG_CXX_LANGUAGE_STANDARD = "gnu++0x";
				CLANG_CXX_LIBRARY = "libc++";
				CLANG_ENABLE_MODULES = YES;
				CLANG_ENABLE_OBJC_ARC = YES;
				CLANG_WARN_BOOL_CONVERSION = YES;
				CLANG_WARN_CONSTANT_CONVERSION = YES;
				CLANG_WARN_DIRECT_OBJC_ISA_USAGE = YES_ERROR;
				CLANG_WARN_DOCUMENTATION_COMMENTS = YES;
				CLANG_WARN_EMPTY_BODY = YES;
				CLANG_WARN_ENUM_CONVERSION = YES;
				CLANG_WARN_INFINITE_RECURSION = YES;
				CLANG_WARN_INT_CONVERSION = YES;
				CLANG_WARN_OBJC_ROOT_CLASS = YES_ERROR;
				CLANG_WARN_SUSPICIOUS_MOVE = YES;
				CLANG_WARN_UNREACHABLE_CODE = YES;
				CLANG_WARN__DUPLICATE_METHOD_MATCH = YES;
				"CODE_SIGN_IDENTITY[sdk=iphoneos*]" = "iPhone Developer";
				COPY_PHASE_STRIP = NO;
				DEBUG_INFORMATION_FORMAT = dwarf;
				ENABLE_STRICT_OBJC_MSGSEND = YES;
				ENABLE_TESTABILITY = YES;
				GCC_C_LANGUAGE_STANDARD = gnu99;
				GCC_DYNAMIC_NO_PIC = NO;
				GCC_NO_COMMON_BLOCKS = YES;
				GCC_OPTIMIZATION_LEVEL = 0;
				GCC_PREPROCESSOR_DEFINITIONS = (
					"DEBUG=1",
					"$(inherited)",
				);
				GCC_WARN_64_TO_32_BIT_CONVERSION = YES;
				GCC_WARN_ABOUT_RETURN_TYPE = YES_ERROR;
				GCC_WARN_UNDECLARED_SELECTOR = YES;
				GCC_WARN_UNINITIALIZED_AUTOS = YES_AGGRESSIVE;
				GCC_WARN_UNUSED_FUNCTION = YES;
				GCC_WARN_UNUSED_VARIABLE = YES;
				IPHONEOS_DEPLOYMENT_TARGET = 10.3;
				MTL_ENABLE_DEBUG_INFO = YES;
				ONLY_ACTIVE_ARCH = YES;
				SDKROOT = iphoneos;
				SWIFT_ACTIVE_COMPILATION_CONDITIONS = DEBUG;
				SWIFT_OPTIMIZATION_LEVEL = "-Onone";
			};
			name = Debug;
		};
		8485C8CE1F10C61100553143 /* Release */ = {
			isa = XCBuildConfiguration;
			buildSettings = {
				ALWAYS_SEARCH_USER_PATHS = NO;
				CLANG_ANALYZER_NONNULL = YES;
				CLANG_ANALYZER_NUMBER_OBJECT_CONVERSION = YES_AGGRESSIVE;
				CLANG_CXX_LANGUAGE_STANDARD = "gnu++0x";
				CLANG_CXX_LIBRARY = "libc++";
				CLANG_ENABLE_MODULES = YES;
				CLANG_ENABLE_OBJC_ARC = YES;
				CLANG_WARN_BOOL_CONVERSION = YES;
				CLANG_WARN_CONSTANT_CONVERSION = YES;
				CLANG_WARN_DIRECT_OBJC_ISA_USAGE = YES_ERROR;
				CLANG_WARN_DOCUMENTATION_COMMENTS = YES;
				CLANG_WARN_EMPTY_BODY = YES;
				CLANG_WARN_ENUM_CONVERSION = YES;
				CLANG_WARN_INFINITE_RECURSION = YES;
				CLANG_WARN_INT_CONVERSION = YES;
				CLANG_WARN_OBJC_ROOT_CLASS = YES_ERROR;
				CLANG_WARN_SUSPICIOUS_MOVE = YES;
				CLANG_WARN_UNREACHABLE_CODE = YES;
				CLANG_WARN__DUPLICATE_METHOD_MATCH = YES;
				"CODE_SIGN_IDENTITY[sdk=iphoneos*]" = "iPhone Developer";
				COPY_PHASE_STRIP = NO;
				DEBUG_INFORMATION_FORMAT = "dwarf-with-dsym";
				ENABLE_NS_ASSERTIONS = NO;
				ENABLE_STRICT_OBJC_MSGSEND = YES;
				GCC_C_LANGUAGE_STANDARD = gnu99;
				GCC_NO_COMMON_BLOCKS = YES;
				GCC_WARN_64_TO_32_BIT_CONVERSION = YES;
				GCC_WARN_ABOUT_RETURN_TYPE = YES_ERROR;
				GCC_WARN_UNDECLARED_SELECTOR = YES;
				GCC_WARN_UNINITIALIZED_AUTOS = YES_AGGRESSIVE;
				GCC_WARN_UNUSED_FUNCTION = YES;
				GCC_WARN_UNUSED_VARIABLE = YES;
				IPHONEOS_DEPLOYMENT_TARGET = 10.3;
				MTL_ENABLE_DEBUG_INFO = NO;
				SDKROOT = iphoneos;
				SWIFT_OPTIMIZATION_LEVEL = "-Owholemodule";
				VALIDATE_PRODUCT = YES;
			};
			name = Release;
		};
		8485C8D01F10C61100553143 /* Debug */ = {
			isa = XCBuildConfiguration;
			baseConfigurationReference = 8A03959E024740032481BF91 /* Pods-Readit.debug.xcconfig */;
			buildSettings = {
				ASSETCATALOG_COMPILER_APPICON_NAME = AppIcon;
				DEVELOPMENT_TEAM = LEG7CXMPKJ;
				INFOPLIST_FILE = Readit/Info.plist;
				LD_RUNPATH_SEARCH_PATHS = "$(inherited) @executable_path/Frameworks";
				PRODUCT_BUNDLE_IDENTIFIER = com.maimieng.Readit;
				PRODUCT_NAME = "$(TARGET_NAME)";
				SWIFT_VERSION = 3.0;
			};
			name = Debug;
		};
		8485C8D11F10C61100553143 /* Release */ = {
			isa = XCBuildConfiguration;
			baseConfigurationReference = 4F32C1FF20B608DFF325FAE0 /* Pods-Readit.release.xcconfig */;
			buildSettings = {
				ASSETCATALOG_COMPILER_APPICON_NAME = AppIcon;
				DEVELOPMENT_TEAM = LEG7CXMPKJ;
				INFOPLIST_FILE = Readit/Info.plist;
				LD_RUNPATH_SEARCH_PATHS = "$(inherited) @executable_path/Frameworks";
				PRODUCT_BUNDLE_IDENTIFIER = com.maimieng.Readit;
				PRODUCT_NAME = "$(TARGET_NAME)";
				SWIFT_VERSION = 3.0;
			};
			name = Release;
		};
/* End XCBuildConfiguration section */

/* Begin XCConfigurationList section */
		8485C8B81F10C61100553143 /* Build configuration list for PBXProject "Readit" */ = {
			isa = XCConfigurationList;
			buildConfigurations = (
				8485C8CD1F10C61100553143 /* Debug */,
				8485C8CE1F10C61100553143 /* Release */,
			);
			defaultConfigurationIsVisible = 0;
			defaultConfigurationName = Release;
		};
		8485C8CF1F10C61100553143 /* Build configuration list for PBXNativeTarget "Readit" */ = {
			isa = XCConfigurationList;
			buildConfigurations = (
				8485C8D01F10C61100553143 /* Debug */,
				8485C8D11F10C61100553143 /* Release */,
			);
			defaultConfigurationIsVisible = 0;
			defaultConfigurationName = Release;
		};
/* End XCConfigurationList section */
	};
	rootObject = 8485C8B51F10C61100553143 /* Project object */;
}
