PODS:
  - AVOSCloud (5.0.1)
  - JVFloatLabeledTextField (1.1.1)
  - Kingfisher (3.10.2)
  - MJRefresh (3.1.12)
  - ProgressHUD (2.4)

DEPENDENCIES:
  - AVOSCloud
  - JVFloatLabeledTextField
  - Kingfisher
  - MJRefresh
  - ProgressHUD

SPEC CHECKSUMS:
  AVOSCloud: 3e0a9813852d923966a8af59d6e6d42517d3abe5
  JVFloatLabeledTextField: 0e5524b097f102036214dd8279edc8ecf08b5e18
  Kingfisher: 7297492bf8cec9b2e2dee3519f2219948580d98e
  MJRefresh: b96cdb21c4aa75a7b07654311ab2f315c497e806
  ProgressHUD: 4b66b0df0e08519c5c7283a198fd2867a114c95a

PODFILE CHECKSUM: be97eafe79915ed1ff5a42737305fc87687be0aa

COCOAPODS: 1.2.1
